
Microsoft Visual Studio Solution File, Format Version 12.00
# Visual Studio Version 16
VisualStudioVersion = 16.0.31205.134
MinimumVisualStudioVersion = 10.0.40219.1
Project("{FAE04EC0-301F-11D3-BF4B-00C04F79EFBC}") = "apbd_2023_egzamin_s16324", "apbd_2023_egzamin_s16324.csproj", "{A8D651B4-13A5-41DC-9ACC-A086CA5C7046}"
EndProject
Global
	GlobalSection(SolutionConfigurationPlatforms) = preSolution
		Debug|Any CPU = Debug|Any CPU
		Release|Any CPU = Release|Any CPU
	EndGlobalSection
	GlobalSection(ProjectConfigurationPlatforms) = postSolution
		{A8D651B4-13A5-41DC-9ACC-A086CA5C7046}.Debug|Any CPU.ActiveCfg = Debug|Any CPU
		{A8D651B4-13A5-41DC-9ACC-A086CA5C7046}.Debug|Any CPU.Build.0 = Debug|Any CPU
		{A8D651B4-13A5-41DC-9ACC-A086CA5C7046}.Release|Any CPU.ActiveCfg = Release|Any CPU
		{A8D651B4-13A5-41DC-9ACC-A086CA5C7046}.Release|Any CPU.Build.0 = Release|Any CPU
	EndGlobalSection
	GlobalSection(SolutionProperties) = preSolution
		HideSolutionNode = FALSE
	EndGlobalSection
	GlobalSection(ExtensibilityGlobals) = postSolution
		SolutionGuid = {D5892CF7-BEC7-44CE-96A4-7A065EF3EDE3}
	EndGlobalSection
EndGlobal
